<?xml version="1.0" encoding="utf-8"?>
<Project ToolsVersion="4.0" xmlns="http://schemas.microsoft.com/developer/msbuild/2003">
  <ItemGroup>
    <Filter Include="소스 파일">
      <UniqueIdentifier>{4FC737F1-C7A5-4376-A066-2A32D752A2FF}</UniqueIdentifier>
      <Extensions>cpp;c;cc;cxx;def;odl;idl;hpj;bat;asm;asmx</Extensions>
    </Filter>
    <Filter Include="헤더 파일">
      <UniqueIdentifier>{93995380-89BD-4b04-88EB-625FBE52EBFB}</UniqueIdentifier>
      <Extensions>h;hh;hpp;hxx;hm;inl;inc;ipp;xsd</Extensions>
    </Filter>
    <Filter Include="리소스 파일">
      <UniqueIdentifier>{67DA6AB6-F800-4c08-8B7A-83BB121AAD01}</UniqueIdentifier>
      <Extensions>rc;ico;cur;bmp;dlg;rc2;rct;bin;rgs;gif;jpg;jpeg;jpe;resx;tiff;tif;png;wav;mfcribbon-ms</Extensions>
    </Filter>
    <Filter Include="소스 파일\OOP 단계별 프로젝트%28p390%29">
      <UniqueIdentifier>{2e0c26f7-2dd2-4f3e-ba17-09f9a0abf76c}</UniqueIdentifier>
    </Filter>
    <Filter Include="소스 파일\p544">
      <UniqueIdentifier>{2a49b87b-e272-4273-b93d-b6e9a434212f}</UniqueIdentifier>
    </Filter>
    <Filter Include="소스 파일\기타">
      <UniqueIdentifier>{de4f6ad1-55b5-4fd2-8398-a779dc837b80}</UniqueIdentifier>
    </Filter>
    <Filter Include="소스 파일\OOP 단계별 프로젝트%28p390%29\CPP">
      <UniqueIdentifier>{78126b4a-25bb-468f-8f64-21a40d899678}</UniqueIdentifier>
    </Filter>
    <Filter Include="소스 파일\OOP 단계별 프로젝트%28p390%29\HEADER">
      <UniqueIdentifier>{2dcc3a3e-c011-4f92-aa0e-da1d8eebd5d5}</UniqueIdentifier>
    </Filter>
  </ItemGroup>
  <ItemGroup>
    <ClCompile Include="p214.cpp">
      <Filter>소스 파일</Filter>
    </ClCompile>
    <ClCompile Include="p221 ShallowCopyError.cpp">
      <Filter>소스 파일</Filter>
    </ClCompile>
    <ClCompile Include="p230 PassObjCopycon.cpp">
      <Filter>소스 파일</Filter>
    </ClCompile>
    <ClCompile Include="p232 ReturnObjCopycon.cpp">
      <Filter>소스 파일</Filter>
    </ClCompile>
    <ClCompile Include="p240 BankingSystemVer03.cpp">
      <Filter>소스 파일</Filter>
    </ClCompile>
    <ClCompile Include="p267 BankingSystemVer04.cpp">
      <Filter>소스 파일</Filter>
    </ClCompile>
    <ClCompile Include="p273 EmployeeManager1.cpp">
      <Filter>소스 파일</Filter>
    </ClCompile>
    <ClCompile Include="p294 7-1-1.cpp">
      <Filter>소스 파일</Filter>
    </ClCompile>
    <ClCompile Include="p294-7-1-2.cpp">
      <Filter>소스 파일</Filter>
    </ClCompile>
    <ClCompile Include="p312 07-2-1.cpp">
      <Filter>소스 파일</Filter>
    </ClCompile>
    <ClCompile Include="p312 07-2-2.cpp">
      <Filter>소스 파일</Filter>
    </ClCompile>
    <ClCompile Include="p314 BankingSystemVer05.cpp">
      <Filter>소스 파일</Filter>
    </ClCompile>
    <ClCompile Include="p331 EmployeeManager2.cpp">
      <Filter>소스 파일</Filter>
    </ClCompile>
    <ClCompile Include="p336 EmployeeManager3.cpp">
      <Filter>소스 파일</Filter>
    </ClCompile>
    <ClCompile Include="p348 EmployeeManager4.cpp">
      <Filter>소스 파일</Filter>
    </ClCompile>
    <ClCompile Include="p354 08-1.cpp">
      <Filter>소스 파일</Filter>
    </ClCompile>
    <ClCompile Include="p363 BankingSystemVer06.cpp">
      <Filter>소스 파일</Filter>
    </ClCompile>
    <ClCompile Include="p402 FirstOperationOverloading.cpp">
      <Filter>소스 파일</Filter>
    </ClCompile>
    <ClCompile Include="p407 GFunctionOverloading.cpp">
      <Filter>소스 파일</Filter>
    </ClCompile>
    <ClCompile Include="p409 10-1-1,2,3.cpp">
      <Filter>소스 파일</Filter>
    </ClCompile>
    <ClCompile Include="p414 OneOpndOverloading.cpp">
      <Filter>소스 파일</Filter>
    </ClCompile>
    <ClCompile Include="p418 10-2.cpp">
      <Filter>소스 파일</Filter>
    </ClCompile>
    <ClCompile Include="p419 PostOpndOverloading.cpp">
      <Filter>소스 파일</Filter>
    </ClCompile>
    <ClCompile Include="p429 ConsoleOutput.cpp">
      <Filter>소스 파일</Filter>
    </ClCompile>
    <ClCompile Include="p436 10-3.cpp">
      <Filter>소스 파일</Filter>
    </ClCompile>
    <ClCompile Include="p452 11-1-1.cpp">
      <Filter>소스 파일</Filter>
    </ClCompile>
    <ClCompile Include="p528 AddFunctionTemplate.cpp">
      <Filter>소스 파일</Filter>
    </ClCompile>
    <ClCompile Include="p534 PrimitiveFunctionTemplate.cpp">
      <Filter>소스 파일</Filter>
    </ClCompile>
    <ClCompile Include="p535 13-1.cpp">
      <Filter>소스 파일</Filter>
    </ClCompile>
    <ClCompile Include="p543 PointClassTemplate.cpp">
      <Filter>소스 파일</Filter>
    </ClCompile>
    <ClCompile Include="p567 ClassTemplateSpecialization.cpp">
      <Filter>소스 파일</Filter>
    </ClCompile>
    <ClCompile Include="p541 PointClassTemplate.cpp">
      <Filter>소스 파일</Filter>
    </ClCompile>
    <ClCompile Include="p544 PointTemplate.cpp">
      <Filter>소스 파일\p544</Filter>
    </ClCompile>
    <ClCompile Include="p544 PointMain.cpp">
      <Filter>소스 파일\p544</Filter>
    </ClCompile>
    <ClCompile Include="Account.cpp">
      <Filter>소스 파일\OOP 단계별 프로젝트%28p390%29\CPP</Filter>
    </ClCompile>
    <ClCompile Include="AccountHandler.cpp">
      <Filter>소스 파일\OOP 단계별 프로젝트%28p390%29\CPP</Filter>
    </ClCompile>
    <ClCompile Include="BankingSystemMain.cpp">
      <Filter>소스 파일\OOP 단계별 프로젝트%28p390%29\CPP</Filter>
    </ClCompile>
    <ClCompile Include="04-2.cpp">
      <Filter>소스 파일\기타</Filter>
    </ClCompile>
    <ClCompile Include="04-3-1.cpp">
      <Filter>소스 파일\기타</Filter>
    </ClCompile>
    <ClCompile Include="04-3-2.cpp">
      <Filter>소스 파일\기타</Filter>
    </ClCompile>
    <ClCompile Include="05-1.cpp">
      <Filter>소스 파일\기타</Filter>
    </ClCompile>
    <ClCompile Include="a.cpp">
      <Filter>소스 파일\기타</Filter>
    </ClCompile>
    <ClCompile Include="BankingSystemVer01.cpp">
      <Filter>소스 파일\기타</Filter>
    </ClCompile>
    <ClCompile Include="BankingSystemVer02.cpp">
      <Filter>소스 파일\기타</Filter>
    </ClCompile>
    <ClCompile Include="BankingSystemVer03.cpp">
      <Filter>소스 파일\기타</Filter>
    </ClCompile>
    <ClCompile Include="BankingSystemVer04.cpp">
      <Filter>소스 파일\기타</Filter>
    </ClCompile>
    <ClCompile Include="BankingSystemVer05.cpp">
      <Filter>소스 파일\기타</Filter>
    </ClCompile>
    <ClCompile Include="BankingSystemVer06.cpp">
      <Filter>소스 파일\기타</Filter>
    </ClCompile>
    <ClCompile Include="Constructor1.cpp">
      <Filter>소스 파일\기타</Filter>
    </ClCompile>
    <ClCompile Include="d.cpp">
      <Filter>소스 파일\기타</Filter>
    </ClCompile>
    <ClCompile Include="EmployyManager2.cpp">
      <Filter>소스 파일\기타</Filter>
    </ClCompile>
    <ClCompile Include="factorial.cpp">
      <Filter>소스 파일\기타</Filter>
    </ClCompile>
    <ClCompile Include="FirstOperationOverloading.cpp">
      <Filter>소스 파일\기타</Filter>
    </ClCompile>
    <ClCompile Include="FruitSaleSim1.cpp">
      <Filter>소스 파일\기타</Filter>
    </ClCompile>
    <ClCompile Include="main.cpp">
      <Filter>소스 파일\기타</Filter>
    </ClCompile>
    <ClCompile Include="Point.cpp">
      <Filter>소스 파일\기타</Filter>
    </ClCompile>
    <ClCompile Include="RectangleFault.cpp">
      <Filter>소스 파일\기타</Filter>
    </ClCompile>
    <ClCompile Include="test.cpp">
      <Filter>소스 파일\기타</Filter>
    </ClCompile>
    <ClCompile Include="test2.cpp">
      <Filter>소스 파일\기타</Filter>
    </ClCompile>
    <ClCompile Include="test3.cpp">
      <Filter>소스 파일\기타</Filter>
    </ClCompile>
    <ClCompile Include="test4.cpp">
      <Filter>소스 파일\기타</Filter>
    </ClCompile>
    <ClCompile Include="test20200322.cpp">
      <Filter>소스 파일</Filter>
    </ClCompile>
  </ItemGroup>
  <ItemGroup>
    <ClInclude Include="p544 PointTemplate.h">
      <Filter>소스 파일\p544</Filter>
    </ClInclude>
    <ClInclude Include="Account.h">
      <Filter>소스 파일\OOP 단계별 프로젝트%28p390%29\HEADER</Filter>
    </ClInclude>
    <ClInclude Include="AccountHandler.h">
      <Filter>소스 파일\OOP 단계별 프로젝트%28p390%29\HEADER</Filter>
    </ClInclude>
    <ClInclude Include="BankingCommonDec1.h">
      <Filter>소스 파일\OOP 단계별 프로젝트%28p390%29\HEADER</Filter>
    </ClInclude>
    <ClInclude Include="HighCreditAccount.h">
      <Filter>소스 파일\OOP 단계별 프로젝트%28p390%29\HEADER</Filter>
    </ClInclude>
    <ClInclude Include="NomalAccount.h">
      <Filter>소스 파일\OOP 단계별 프로젝트%28p390%29\HEADER</Filter>
    </ClInclude>
    <ClInclude Include="a.h">
      <Filter>소스 파일\기타</Filter>
    </ClInclude>
    <ClInclude Include="Point.h">
      <Filter>소스 파일\기타</Filter>
    </ClInclude>
  </ItemGroup>
</Project>